PODS:
  - couchbase-lite-ios (1.4.4):
    - couchbase-lite-ios/SQLite (= 1.4.4)
  - couchbase-lite-ios/SQLite (1.4.4)
  - Crashlytics (3.10.1):
    - Fabric (~> 1.7.5)
  - Fabric (1.7.6)
  - hpple (0.2.0)
  - SDWebImage (4.0.0):
    - SDWebImage/Core (= 4.0.0)
  - SDWebImage/Core (4.0.0)

DEPENDENCIES:
  - couchbase-lite-ios (= 1.4.4)
  - Crashlytics
  - Fabric
  - hpple (= 0.2.0)
  - SDWebImage (= 4.0.0)

SPEC REPOS:
  https://github.com/CocoaPods/Specs.git:
    - couchbase-lite-ios
    - Crashlytics
    - Fabric
    - hpple
    - SDWebImage

SPEC CHECKSUMS:
  couchbase-lite-ios: 6b586fca2c8a59c85e31df89a2528c92c40fc4dc
  Crashlytics: 0ea46c8966ec6c2eab61f5d1bb71d6461c33278f
  Fabric: 0d4097606c34460a8ba5c7eb9dab75a467f0b30e
  hpple: 3b765f96fc2cd56ad1a49aef6f7be5cb2aa64b57
  SDWebImage: 76a6348bdc74eb5a55dd08a091ef298e56b55e41

PODFILE CHECKSUM: 9b1ddea7553dfb665f2e2d259b1e24e77d8d5f18

COCOAPODS: 1.11.2
